
Microsoft Visual Studio Solution File, Format Version 12.00
# Visual Studio Version 17
VisualStudioVersion = 17.6.33927.249
MinimumVisualStudioVersion = 10.0.40219.1
Project("{FAE04EC0-301F-11D3-BF4B-00C04F79EFBC}") = "ParkView_Capstone", "ParkView_Capstone.csproj", "{9F528B16-C1CF-42FC-A9CD-1AF96F347206}"
EndProject
Global
	GlobalSection(SolutionConfigurationPlatforms) = preSolution
		Debug|Any CPU = Debug|Any CPU
		Release|Any CPU = Release|Any CPU
	EndGlobalSection
	GlobalSection(ProjectConfigurationPlatforms) = postSolution
		{9F528B16-C1CF-42FC-A9CD-1AF96F347206}.Debug|Any CPU.ActiveCfg = Debug|Any CPU
		{9F528B16-C1CF-42FC-A9CD-1AF96F347206}.Debug|Any CPU.Build.0 = Debug|Any CPU
		{9F528B16-C1CF-42FC-A9CD-1AF96F347206}.Release|Any CPU.ActiveCfg = Release|Any CPU
		{9F528B16-C1CF-42FC-A9CD-1AF96F347206}.Release|Any CPU.Build.0 = Release|Any CPU
	EndGlobalSection
	GlobalSection(SolutionProperties) = preSolution
		HideSolutionNode = FALSE
	EndGlobalSection
	GlobalSection(ExtensibilityGlobals) = postSolution
		SolutionGuid = {5898EF6F-8CC4-4E74-BD17-733C32476343}
	EndGlobalSection
EndGlobal
